// !$*UTF8*$!
{
	archiveVersion = 1;
	classes = {
	};
	objectVersion = 56;
	objects = {

/* Begin PBXBuildFile section */
		AB406A3F2A8CCEC900DD5F95 /* AuthenticationInputView.swift in Sources */ = {isa = PBXBuildFile; fileRef = AB406A3E2A8CCEC900DD5F95 /* AuthenticationInputView.swift */; };
		AB406A412A8CD1F100DD5F95 /* CustomTextField.swift in Sources */ = {isa = PBXBuildFile; fileRef = AB406A402A8CD1F100DD5F95 /* CustomTextField.swift */; };
		AB406A432A8CDEA900DD5F95 /* LoginViewModel.swift in Sources */ = {isa = PBXBuildFile; fileRef = AB406A422A8CDEA900DD5F95 /* LoginViewModel.swift */; };
		AB406A452A8CEA6C00DD5F95 /* RegisterViewController.swift in Sources */ = {isa = PBXBuildFile; fileRef = AB406A442A8CEA6C00DD5F95 /* RegisterViewController.swift */; };
		ABB24EA92A8B8C170029BA59 /* AppDelegate.swift in Sources */ = {isa = PBXBuildFile; fileRef = ABB24EA82A8B8C170029BA59 /* AppDelegate.swift */; };
		ABB24EAD2A8B8C170029BA59 /* LoginViewController.swift in Sources */ = {isa = PBXBuildFile; fileRef = ABB24EAC2A8B8C170029BA59 /* LoginViewController.swift */; };
		ABB24EB22A8B8C170029BA59 /* Assets.xcassets in Resources */ = {isa = PBXBuildFile; fileRef = ABB24EB12A8B8C170029BA59 /* Assets.xcassets */; };
		ABB24EB52A8B8C180029BA59 /* LaunchScreen.storyboard in Resources */ = {isa = PBXBuildFile; fileRef = ABB24EB32A8B8C180029BA59 /* LaunchScreen.storyboard */; };
		ABB24EC12A8B906E0029BA59 /* Extension.swift in Sources */ = {isa = PBXBuildFile; fileRef = ABB24EC02A8B906E0029BA59 /* Extension.swift */; };
		ABC56A3F2A8E266700D8CC98 /* RegisterViewModel.swift in Sources */ = {isa = PBXBuildFile; fileRef = ABC56A3E2A8E266700D8CC98 /* RegisterViewModel.swift */; };
		ABC56A412A8E30C200D8CC98 /* GoogleService-Info.plist in Resources */ = {isa = PBXBuildFile; fileRef = ABC56A402A8E30C200D8CC98 /* GoogleService-Info.plist */; };
		ABC56A442A8E31D100D8CC98 /* FirebaseAuth in Frameworks */ = {isa = PBXBuildFile; productRef = ABC56A432A8E31D100D8CC98 /* FirebaseAuth */; };
		ABC56A462A8E31D100D8CC98 /* FirebaseFirestore in Frameworks */ = {isa = PBXBuildFile; productRef = ABC56A452A8E31D100D8CC98 /* FirebaseFirestore */; };
		ABC56A482A8E31D100D8CC98 /* FirebaseStorage in Frameworks */ = {isa = PBXBuildFile; productRef = ABC56A472A8E31D100D8CC98 /* FirebaseStorage */; };
/* End PBXBuildFile section */

/* Begin PBXFileReference section */
		AB406A3E2A8CCEC900DD5F95 /* AuthenticationInputView.swift */ = {isa = PBXFileReference; lastKnownFileType = sourcecode.swift; path = AuthenticationInputView.swift; sourceTree = "<group>"; };
		AB406A402A8CD1F100DD5F95 /* CustomTextField.swift */ = {isa = PBXFileReference; lastKnownFileType = sourcecode.swift; path = CustomTextField.swift; sourceTree = "<group>"; };
		AB406A422A8CDEA900DD5F95 /* LoginViewModel.swift */ = {isa = PBXFileReference; lastKnownFileType = sourcecode.swift; path = LoginViewModel.swift; sourceTree = "<group>"; };
		AB406A442A8CEA6C00DD5F95 /* RegisterViewController.swift */ = {isa = PBXFileReference; lastKnownFileType = sourcecode.swift; path = RegisterViewController.swift; sourceTree = "<group>"; };
		ABB24EA52A8B8C170029BA59 /* MyNotes.app */ = {isa = PBXFileReference; explicitFileType = wrapper.application; includeInIndex = 0; path = MyNotes.app; sourceTree = BUILT_PRODUCTS_DIR; };
		ABB24EA82A8B8C170029BA59 /* AppDelegate.swift */ = {isa = PBXFileReference; lastKnownFileType = sourcecode.swift; path = AppDelegate.swift; sourceTree = "<group>"; };
		ABB24EAC2A8B8C170029BA59 /* LoginViewController.swift */ = {isa = PBXFileReference; lastKnownFileType = sourcecode.swift; path = LoginViewController.swift; sourceTree = "<group>"; };
		ABB24EB12A8B8C170029BA59 /* Assets.xcassets */ = {isa = PBXFileReference; lastKnownFileType = folder.assetcatalog; path = Assets.xcassets; sourceTree = "<group>"; };
		ABB24EB42A8B8C180029BA59 /* Base */ = {isa = PBXFileReference; lastKnownFileType = file.storyboard; name = Base; path = Base.lproj/LaunchScreen.storyboard; sourceTree = "<group>"; };
		ABB24EB62A8B8C180029BA59 /* Info.plist */ = {isa = PBXFileReference; lastKnownFileType = text.plist.xml; path = Info.plist; sourceTree = "<group>"; };
		ABB24EC02A8B906E0029BA59 /* Extension.swift */ = {isa = PBXFileReference; lastKnownFileType = sourcecode.swift; path = Extension.swift; sourceTree = "<group>"; };
		ABC56A3E2A8E266700D8CC98 /* RegisterViewModel.swift */ = {isa = PBXFileReference; lastKnownFileType = sourcecode.swift; path = RegisterViewModel.swift; sourceTree = "<group>"; };
		ABC56A402A8E30C200D8CC98 /* GoogleService-Info.plist */ = {isa = PBXFileReference; fileEncoding = 4; lastKnownFileType = text.plist.xml; path = "GoogleService-Info.plist"; sourceTree = "<group>"; };
/* End PBXFileReference section */

/* Begin PBXFrameworksBuildPhase section */
		ABB24EA22A8B8C170029BA59 /* Frameworks */ = {
			isa = PBXFrameworksBuildPhase;
			buildActionMask = 2147483647;
			files = (
				ABC56A442A8E31D100D8CC98 /* FirebaseAuth in Frameworks */,
				ABC56A462A8E31D100D8CC98 /* FirebaseFirestore in Frameworks */,
				ABC56A482A8E31D100D8CC98 /* FirebaseStorage in Frameworks */,
			);
			runOnlyForDeploymentPostprocessing = 0;
		};
/* End PBXFrameworksBuildPhase section */

/* Begin PBXGroup section */
		AB406A3B2A8CCE5A00DD5F95 /* View */ = {
			isa = PBXGroup;
			children = (
				AB406A3E2A8CCEC900DD5F95 /* AuthenticationInputView.swift */,
				AB406A402A8CD1F100DD5F95 /* CustomTextField.swift */,
			);
			path = View;
			sourceTree = "<group>";
		};
		AB406A3C2A8CCE6600DD5F95 /* ViewModel */ = {
			isa = PBXGroup;
			children = (
				AB406A422A8CDEA900DD5F95 /* LoginViewModel.swift */,
				ABC56A3E2A8E266700D8CC98 /* RegisterViewModel.swift */,
			);
			path = ViewModel;
			sourceTree = "<group>";
		};
		AB406A3D2A8CCE7000DD5F95 /* Model */ = {
			isa = PBXGroup;
			children = (
			);
			path = Model;
			sourceTree = "<group>";
		};
		ABB24E9C2A8B8C170029BA59 = {
			isa = PBXGroup;
			children = (
				ABB24EA72A8B8C170029BA59 /* MyNotes */,
				ABB24EA62A8B8C170029BA59 /* Products */,
			);
			sourceTree = "<group>";
		};
		ABB24EA62A8B8C170029BA59 /* Products */ = {
			isa = PBXGroup;
			children = (
				ABB24EA52A8B8C170029BA59 /* MyNotes.app */,
			);
			name = Products;
			sourceTree = "<group>";
		};
		ABB24EA72A8B8C170029BA59 /* MyNotes */ = {
			isa = PBXGroup;
			children = (
				AB406A3D2A8CCE7000DD5F95 /* Model */,
				AB406A3C2A8CCE6600DD5F95 /* ViewModel */,
				AB406A3B2A8CCE5A00DD5F95 /* View */,
				ABB24EBF2A8B90430029BA59 /* Utils */,
				ABB24EBD2A8B8E9B0029BA59 /* Controller */,
				ABB24EBE2A8B8EDC0029BA59 /* Files */,
			);
			path = MyNotes;
			sourceTree = "<group>";
		};
		ABB24EBD2A8B8E9B0029BA59 /* Controller */ = {
			isa = PBXGroup;
			children = (
				ABB24EAC2A8B8C170029BA59 /* LoginViewController.swift */,
				AB406A442A8CEA6C00DD5F95 /* RegisterViewController.swift */,
			);
			path = Controller;
			sourceTree = "<group>";
		};
		ABB24EBE2A8B8EDC0029BA59 /* Files */ = {
			isa = PBXGroup;
			children = (
				ABC56A402A8E30C200D8CC98 /* GoogleService-Info.plist */,
				ABB24EB12A8B8C170029BA59 /* Assets.xcassets */,
				ABB24EB32A8B8C180029BA59 /* LaunchScreen.storyboard */,
				ABB24EA82A8B8C170029BA59 /* AppDelegate.swift */,
				ABB24EB62A8B8C180029BA59 /* Info.plist */,
			);
			name = Files;
			sourceTree = "<group>";
		};
		ABB24EBF2A8B90430029BA59 /* Utils */ = {
			isa = PBXGroup;
			children = (
				ABB24EC02A8B906E0029BA59 /* Extension.swift */,
			);
			path = Utils;
			sourceTree = "<group>";
		};
/* End PBXGroup section */

/* Begin PBXNativeTarget section */
		ABB24EA42A8B8C170029BA59 /* MyNotes */ = {
			isa = PBXNativeTarget;
			buildConfigurationList = ABB24EB92A8B8C180029BA59 /* Build configuration list for PBXNativeTarget "MyNotes" */;
			buildPhases = (
				ABB24EA12A8B8C170029BA59 /* Sources */,
				ABB24EA22A8B8C170029BA59 /* Frameworks */,
				ABB24EA32A8B8C170029BA59 /* Resources */,
			);
			buildRules = (
			);
			dependencies = (
			);
			name = MyNotes;
			packageProductDependencies = (
				ABC56A432A8E31D100D8CC98 /* FirebaseAuth */,
				ABC56A452A8E31D100D8CC98 /* FirebaseFirestore */,
				ABC56A472A8E31D100D8CC98 /* FirebaseStorage */,
			);
			productName = MyNotes;
			productReference = ABB24EA52A8B8C170029BA59 /* MyNotes.app */;
			productType = "com.apple.product-type.application";
		};
/* End PBXNativeTarget section */

/* Begin PBXProject section */
		ABB24E9D2A8B8C170029BA59 /* Project object */ = {
			isa = PBXProject;
			attributes = {
				BuildIndependentTargetsInParallel = 1;
				LastSwiftUpdateCheck = 1430;
				LastUpgradeCheck = 1430;
				TargetAttributes = {
					ABB24EA42A8B8C170029BA59 = {
						CreatedOnToolsVersion = 14.3.1;
					};
				};
			};
			buildConfigurationList = ABB24EA02A8B8C170029BA59 /* Build configuration list for PBXProject "MyNotes" */;
			compatibilityVersion = "Xcode 14.0";
			developmentRegion = en;
			hasScannedForEncodings = 0;
			knownRegions = (
				en,
				Base,
			);
			mainGroup = ABB24E9C2A8B8C170029BA59;
			packageReferences = (
				ABC56A422A8E31D100D8CC98 /* XCRemoteSwiftPackageReference "firebase-ios-sdk" */,
			);
			productRefGroup = ABB24EA62A8B8C170029BA59 /* Products */;
			projectDirPath = "";
			projectRoot = "";
			targets = (
				ABB24EA42A8B8C170029BA59 /* MyNotes */,
			);
		};
/* End PBXProject section */

/* Begin PBXResourcesBuildPhase section */
		ABB24EA32A8B8C170029BA59 /* Resources */ = {
			isa = PBXResourcesBuildPhase;
			buildActionMask = 2147483647;
			files = (
				ABB24EB52A8B8C180029BA59 /* LaunchScreen.storyboard in Resources */,
				ABC56A412A8E30C200D8CC98 /* GoogleService-Info.plist in Resources */,
				ABB24EB22A8B8C170029BA59 /* Assets.xcassets in Resources */,
			);
			runOnlyForDeploymentPostprocessing = 0;
		};
/* End PBXResourcesBuildPhase section */

/* Begin PBXSourcesBuildPhase section */
		ABB24EA12A8B8C170029BA59 /* Sources */ = {
			isa = PBXSourcesBuildPhase;
			buildActionMask = 2147483647;
			files = (
				ABB24EC12A8B906E0029BA59 /* Extension.swift in Sources */,
				ABB24EAD2A8B8C170029BA59 /* LoginViewController.swift in Sources */,
				AB406A452A8CEA6C00DD5F95 /* RegisterViewController.swift in Sources */,
				ABC56A3F2A8E266700D8CC98 /* RegisterViewModel.swift in Sources */,
				AB406A432A8CDEA900DD5F95 /* LoginViewModel.swift in Sources */,
				ABB24EA92A8B8C170029BA59 /* AppDelegate.swift in Sources */,
				AB406A3F2A8CCEC900DD5F95 /* AuthenticationInputView.swift in Sources */,
				AB406A412A8CD1F100DD5F95 /* CustomTextField.swift in Sources */,
			);
			runOnlyForDeploymentPostprocessing = 0;
		};
/* End PBXSourcesBuildPhase section */

/* Begin PBXVariantGroup section */
		ABB24EB32A8B8C180029BA59 /* LaunchScreen.storyboard */ = {
			isa = PBXVariantGroup;
			children = (
				ABB24EB42A8B8C180029BA59 /* Base */,
			);
			name = LaunchScreen.storyboard;
			sourceTree = "<group>";
		};
/* End PBXVariantGroup section */

/* Begin XCBuildConfiguration section */
		ABB24EB72A8B8C180029BA59 /* Debug */ = {
			isa = XCBuildConfiguration;
			buildSettings = {
				ALWAYS_SEARCH_USER_PATHS = NO;
				CLANG_ANALYZER_NONNULL = YES;
				CLANG_ANALYZER_NUMBER_OBJECT_CONVERSION = YES_AGGRESSIVE;
				CLANG_CXX_LANGUAGE_STANDARD = "gnu++20";
				CLANG_ENABLE_MODULES = YES;
				CLANG_ENABLE_OBJC_ARC = YES;
				CLANG_ENABLE_OBJC_WEAK = YES;
				CLANG_WARN_BLOCK_CAPTURE_AUTORELEASING = YES;
				CLANG_WARN_BOOL_CONVERSION = YES;
				CLANG_WARN_COMMA = YES;
				CLANG_WARN_CONSTANT_CONVERSION = YES;
				CLANG_WARN_DEPRECATED_OBJC_IMPLEMENTATIONS = YES;
				CLANG_WARN_DIRECT_OBJC_ISA_USAGE = YES_ERROR;
				CLANG_WARN_DOCUMENTATION_COMMENTS = YES;
				CLANG_WARN_EMPTY_BODY = YES;
				CLANG_WARN_ENUM_CONVERSION = YES;
				CLANG_WARN_INFINITE_RECURSION = YES;
				CLANG_WARN_INT_CONVERSION = YES;
				CLANG_WARN_NON_LITERAL_NULL_CONVERSION = YES;
				CLANG_WARN_OBJC_IMPLICIT_RETAIN_SELF = YES;
				CLANG_WARN_OBJC_LITERAL_CONVERSION = YES;
				CLANG_WARN_OBJC_ROOT_CLASS = YES_ERROR;
				CLANG_WARN_QUOTED_INCLUDE_IN_FRAMEWORK_HEADER = YES;
				CLANG_WARN_RANGE_LOOP_ANALYSIS = YES;
				CLANG_WARN_STRICT_PROTOTYPES = YES;
				CLANG_WARN_SUSPICIOUS_MOVE = YES;
				CLANG_WARN_UNGUARDED_AVAILABILITY = YES_AGGRESSIVE;
				CLANG_WARN_UNREACHABLE_CODE = YES;
				CLANG_WARN__DUPLICATE_METHOD_MATCH = YES;
				COPY_PHASE_STRIP = NO;
				DEBUG_INFORMATION_FORMAT = dwarf;
				ENABLE_STRICT_OBJC_MSGSEND = YES;
				ENABLE_TESTABILITY = YES;
				GCC_C_LANGUAGE_STANDARD = gnu11;
				GCC_DYNAMIC_NO_PIC = NO;
				GCC_NO_COMMON_BLOCKS = YES;
				GCC_OPTIMIZATION_LEVEL = 0;
				GCC_PREPROCESSOR_DEFINITIONS = (
					"DEBUG=1",
					"$(inherited)",
				);
				GCC_WARN_64_TO_32_BIT_CONVERSION = YES;
				GCC_WARN_ABOUT_RETURN_TYPE = YES_ERROR;
				GCC_WARN_UNDECLARED_SELECTOR = YES;
				GCC_WARN_UNINITIALIZED_AUTOS = YES_AGGRESSIVE;
				GCC_WARN_UNUSED_FUNCTION = YES;
				GCC_WARN_UNUSED_VARIABLE = YES;
				IPHONEOS_DEPLOYMENT_TARGET = 16.4;
				MTL_ENABLE_DEBUG_INFO = INCLUDE_SOURCE;
				MTL_FAST_MATH = YES;
				ONLY_ACTIVE_ARCH = YES;
				SDKROOT = iphoneos;
				SWIFT_ACTIVE_COMPILATION_CONDITIONS = DEBUG;
				SWIFT_OPTIMIZATION_LEVEL = "-Onone";
			};
			name = Debug;
		};
		ABB24EB82A8B8C180029BA59 /* Release */ = {
			isa = XCBuildConfiguration;
			buildSettings = {
				ALWAYS_SEARCH_USER_PATHS = NO;
				CLANG_ANALYZER_NONNULL = YES;
				CLANG_ANALYZER_NUMBER_OBJECT_CONVERSION = YES_AGGRESSIVE;
				CLANG_CXX_LANGUAGE_STANDARD = "gnu++20";
				CLANG_ENABLE_MODULES = YES;
				CLANG_ENABLE_OBJC_ARC = YES;
				CLANG_ENABLE_OBJC_WEAK = YES;
				CLANG_WARN_BLOCK_CAPTURE_AUTORELEASING = YES;
				CLANG_WARN_BOOL_CONVERSION = YES;
				CLANG_WARN_COMMA = YES;
				CLANG_WARN_CONSTANT_CONVERSION = YES;
				CLANG_WARN_DEPRECATED_OBJC_IMPLEMENTATIONS = YES;
				CLANG_WARN_DIRECT_OBJC_ISA_USAGE = YES_ERROR;
				CLANG_WARN_DOCUMENTATION_COMMENTS = YES;
				CLANG_WARN_EMPTY_BODY = YES;
				CLANG_WARN_ENUM_CONVERSION = YES;
				CLANG_WARN_INFINITE_RECURSION = YES;
				CLANG_WARN_INT_CONVERSION = YES;
				CLANG_WARN_NON_LITERAL_NULL_CONVERSION = YES;
				CLANG_WARN_OBJC_IMPLICIT_RETAIN_SELF = YES;
				CLANG_WARN_OBJC_LITERAL_CONVERSION = YES;
				CLANG_WARN_OBJC_ROOT_CLASS = YES_ERROR;
				CLANG_WARN_QUOTED_INCLUDE_IN_FRAMEWORK_HEADER = YES;
				CLANG_WARN_RANGE_LOOP_ANALYSIS = YES;
				CLANG_WARN_STRICT_PROTOTYPES = YES;
				CLANG_WARN_SUSPICIOUS_MOVE = YES;
				CLANG_WARN_UNGUARDED_AVAILABILITY = YES_AGGRESSIVE;
				CLANG_WARN_UNREACHABLE_CODE = YES;
				CLANG_WARN__DUPLICATE_METHOD_MATCH = YES;
				COPY_PHASE_STRIP = NO;
				DEBUG_INFORMATION_FORMAT = "dwarf-with-dsym";
				ENABLE_NS_ASSERTIONS = NO;
				ENABLE_STRICT_OBJC_MSGSEND = YES;
				GCC_C_LANGUAGE_STANDARD = gnu11;
				GCC_NO_COMMON_BLOCKS = YES;
				GCC_WARN_64_TO_32_BIT_CONVERSION = YES;
				GCC_WARN_ABOUT_RETURN_TYPE = YES_ERROR;
				GCC_WARN_UNDECLARED_SELECTOR = YES;
				GCC_WARN_UNINITIALIZED_AUTOS = YES_AGGRESSIVE;
				GCC_WARN_UNUSED_FUNCTION = YES;
				GCC_WARN_UNUSED_VARIABLE = YES;
				IPHONEOS_DEPLOYMENT_TARGET = 16.4;
				MTL_ENABLE_DEBUG_INFO = NO;
				MTL_FAST_MATH = YES;
				SDKROOT = iphoneos;
				SWIFT_COMPILATION_MODE = wholemodule;
				SWIFT_OPTIMIZATION_LEVEL = "-O";
				VALIDATE_PRODUCT = YES;
			};
			name = Release;
		};
		ABB24EBA2A8B8C180029BA59 /* Debug */ = {
			isa = XCBuildConfiguration;
			buildSettings = {
				ASSETCATALOG_COMPILER_APPICON_NAME = AppIcon;
				ASSETCATALOG_COMPILER_GLOBAL_ACCENT_COLOR_NAME = AccentColor;
				CODE_SIGN_STYLE = Automatic;
				CURRENT_PROJECT_VERSION = 1;
				DEVELOPMENT_TEAM = W6X5FNMMFF;
				GENERATE_INFOPLIST_FILE = YES;
				INFOPLIST_FILE = MyNotes/Info.plist;
				INFOPLIST_KEY_UIApplicationSupportsIndirectInputEvents = YES;
				INFOPLIST_KEY_UILaunchStoryboardName = LaunchScreen;
				INFOPLIST_KEY_UISupportedInterfaceOrientations_iPad = "UIInterfaceOrientationPortrait UIInterfaceOrientationPortraitUpsideDown UIInterfaceOrientationLandscapeLeft UIInterfaceOrientationLandscapeRight";
				INFOPLIST_KEY_UISupportedInterfaceOrientations_iPhone = "UIInterfaceOrientationPortrait UIInterfaceOrientationLandscapeLeft UIInterfaceOrientationLandscapeRight";
				LD_RUNPATH_SEARCH_PATHS = (
					"$(inherited)",
					"@executable_path/Frameworks",
				);
				MARKETING_VERSION = 1.0;
				PRODUCT_BUNDLE_IDENTIFIER = ozaner.MyNotes;
				PRODUCT_NAME = "$(TARGET_NAME)";
				SWIFT_EMIT_LOC_STRINGS = YES;
				SWIFT_VERSION = 5.0;
				TARGETED_DEVICE_FAMILY = "1,2";
			};
			name = Debug;
		};
		ABB24EBB2A8B8C180029BA59 /* Release */ = {
			isa = XCBuildConfiguration;
			buildSettings = {
				ASSETCATALOG_COMPILER_APPICON_NAME = AppIcon;
				ASSETCATALOG_COMPILER_GLOBAL_ACCENT_COLOR_NAME = AccentColor;
				CODE_SIGN_STYLE = Automatic;
				CURRENT_PROJECT_VERSION = 1;
				DEVELOPMENT_TEAM = W6X5FNMMFF;
				GENERATE_INFOPLIST_FILE = YES;
				INFOPLIST_FILE = MyNotes/Info.plist;
				INFOPLIST_KEY_UIApplicationSupportsIndirectInputEvents = YES;
				INFOPLIST_KEY_UILaunchStoryboardName = LaunchScreen;
				INFOPLIST_KEY_UISupportedInterfaceOrientations_iPad = "UIInterfaceOrientationPortrait UIInterfaceOrientationPortraitUpsideDown UIInterfaceOrientationLandscapeLeft UIInterfaceOrientationLandscapeRight";
				INFOPLIST_KEY_UISupportedInterfaceOrientations_iPhone = "UIInterfaceOrientationPortrait UIInterfaceOrientationLandscapeLeft UIInterfaceOrientationLandscapeRight";
				LD_RUNPATH_SEARCH_PATHS = (
					"$(inherited)",
					"@executable_path/Frameworks",
				);
				MARKETING_VERSION = 1.0;
				PRODUCT_BUNDLE_IDENTIFIER = ozaner.MyNotes;
				PRODUCT_NAME = "$(TARGET_NAME)";
				SWIFT_EMIT_LOC_STRINGS = YES;
				SWIFT_VERSION = 5.0;
				TARGETED_DEVICE_FAMILY = "1,2";
			};
			name = Release;
		};
/* End XCBuildConfiguration section */

/* Begin XCConfigurationList section */
		ABB24EA02A8B8C170029BA59 /* Build configuration list for PBXProject "MyNotes" */ = {
			isa = XCConfigurationList;
			buildConfigurations = (
				ABB24EB72A8B8C180029BA59 /* Debug */,
				ABB24EB82A8B8C180029BA59 /* Release */,
			);
			defaultConfigurationIsVisible = 0;
			defaultConfigurationName = Release;
		};
		ABB24EB92A8B8C180029BA59 /* Build configuration list for PBXNativeTarget "MyNotes" */ = {
			isa = XCConfigurationList;
			buildConfigurations = (
				ABB24EBA2A8B8C180029BA59 /* Debug */,
				ABB24EBB2A8B8C180029BA59 /* Release */,
			);
			defaultConfigurationIsVisible = 0;
			defaultConfigurationName = Release;
		};
/* End XCConfigurationList section */

/* Begin XCRemoteSwiftPackageReference section */
		ABC56A422A8E31D100D8CC98 /* XCRemoteSwiftPackageReference "firebase-ios-sdk" */ = {
			isa = XCRemoteSwiftPackageReference;
			repositoryURL = "https://github.com/firebase/firebase-ios-sdk";
			requirement = {
				kind = upToNextMajorVersion;
				minimumVersion = 10.0.0;
			};
		};
/* End XCRemoteSwiftPackageReference section */

/* Begin XCSwiftPackageProductDependency section */
		ABC56A432A8E31D100D8CC98 /* FirebaseAuth */ = {
			isa = XCSwiftPackageProductDependency;
			package = ABC56A422A8E31D100D8CC98 /* XCRemoteSwiftPackageReference "firebase-ios-sdk" */;
			productName = FirebaseAuth;
		};
		ABC56A452A8E31D100D8CC98 /* FirebaseFirestore */ = {
			isa = XCSwiftPackageProductDependency;
			package = ABC56A422A8E31D100D8CC98 /* XCRemoteSwiftPackageReference "firebase-ios-sdk" */;
			productName = FirebaseFirestore;
		};
		ABC56A472A8E31D100D8CC98 /* FirebaseStorage */ = {
			isa = XCSwiftPackageProductDependency;
			package = ABC56A422A8E31D100D8CC98 /* XCRemoteSwiftPackageReference "firebase-ios-sdk" */;
			productName = FirebaseStorage;
		};
/* End XCSwiftPackageProductDependency section */
	};
	rootObject = ABB24E9D2A8B8C170029BA59 /* Project object */;
}
